
Microsoft Visual Studio Solution File, Format Version 12.00
# Visual Studio Version 17
VisualStudioVersion = 17.3.32922.545
MinimumVisualStudioVersion = 10.0.40219.1
Project("{FAE04EC0-301F-11D3-BF4B-00C04F79EFBC}") = "MobileAppSchedule.UWP", "MobileAppSchedule.UWP\MobileAppSchedule.UWP.csproj", "{5A5E2508-8AA9-45ED-8525-BF68275ACFB2}"
EndProject
Project("{FAE04EC0-301F-11D3-BF4B-00C04F79EFBC}") = "MobileAppSchedule.Android", "MobileAppSchedule.Android\MobileAppSchedule.Android.csproj", "{E24ADE8C-CD4D-4CCE-B3B7-C62836B41DBA}"
EndProject
Project("{FAE04EC0-301F-11D3-BF4B-00C04F79EFBC}") = "MobileAppSchedule.iOS", "MobileAppSchedule.iOS\MobileAppSchedule.iOS.csproj", "{65D1FF51-11AE-4DFC-8E66-644BF61D7260}"
EndProject
Project("{FAE04EC0-301F-11D3-BF4B-00C04F79EFBC}") = "MobileAppSchedule", "MobileAppSchedule\MobileAppSchedule.csproj", "{C35948FF-CBEB-49F6-8032-1002E1FD9CDB}"
EndProject
Global
	GlobalSection(SolutionConfigurationPlatforms) = preSolution
		Debug|Any CPU = Debug|Any CPU
		Debug|ARM = Debug|ARM
		Debug|iPhone = Debug|iPhone
		Debug|iPhoneSimulator = Debug|iPhoneSimulator
		Debug|x64 = Debug|x64
		Debug|x86 = Debug|x86
		Release|Any CPU = Release|Any CPU
		Release|ARM = Release|ARM
		Release|iPhone = Release|iPhone
		Release|iPhoneSimulator = Release|iPhoneSimulator
		Release|x64 = Release|x64
		Release|x86 = Release|x86
	EndGlobalSection
	GlobalSection(ProjectConfigurationPlatforms) = postSolution
		{5A5E2508-8AA9-45ED-8525-BF68275ACFB2}.Debug|Any CPU.ActiveCfg = Debug|x64
		{5A5E2508-8AA9-45ED-8525-BF68275ACFB2}.Debug|Any CPU.Build.0 = Debug|x64
		{5A5E2508-8AA9-45ED-8525-BF68275ACFB2}.Debug|Any CPU.Deploy.0 = Debug|x64
		{5A5E2508-8AA9-45ED-8525-BF68275ACFB2}.Debug|ARM.ActiveCfg = Debug|ARM
		{5A5E2508-8AA9-45ED-8525-BF68275ACFB2}.Debug|ARM.Build.0 = Debug|ARM
		{5A5E2508-8AA9-45ED-8525-BF68275ACFB2}.Debug|ARM.Deploy.0 = Debug|ARM
		{5A5E2508-8AA9-45ED-8525-BF68275ACFB2}.Debug|iPhone.ActiveCfg = Debug|x64
		{5A5E2508-8AA9-45ED-8525-BF68275ACFB2}.Debug|iPhone.Build.0 = Debug|x64
		{5A5E2508-8AA9-45ED-8525-BF68275ACFB2}.Debug|iPhone.Deploy.0 = Debug|x64
		{5A5E2508-8AA9-45ED-8525-BF68275ACFB2}.Debug|iPhoneSimulator.ActiveCfg = Debug|x64
		{5A5E2508-8AA9-45ED-8525-BF68275ACFB2}.Debug|iPhoneSimulator.Build.0 = Debug|x64
		{5A5E2508-8AA9-45ED-8525-BF68275ACFB2}.Debug|iPhoneSimulator.Deploy.0 = Debug|x64
		{5A5E2508-8AA9-45ED-8525-BF68275ACFB2}.Debug|x64.ActiveCfg = Debug|x64
		{5A5E2508-8AA9-45ED-8525-BF68275ACFB2}.Debug|x64.Build.0 = Debug|x64
		{5A5E2508-8AA9-45ED-8525-BF68275ACFB2}.Debug|x64.Deploy.0 = Debug|x64
		{5A5E2508-8AA9-45ED-8525-BF68275ACFB2}.Debug|x86.ActiveCfg = Debug|x86
		{5A5E2508-8AA9-45ED-8525-BF68275ACFB2}.Debug|x86.Build.0 = Debug|x86
		{5A5E2508-8AA9-45ED-8525-BF68275ACFB2}.Debug|x86.Deploy.0 = Debug|x86
		{5A5E2508-8AA9-45ED-8525-BF68275ACFB2}.Release|Any CPU.ActiveCfg = Release|x64
		{5A5E2508-8AA9-45ED-8525-BF68275ACFB2}.Release|Any CPU.Build.0 = Release|x64
		{5A5E2508-8AA9-45ED-8525-BF68275ACFB2}.Release|Any CPU.Deploy.0 = Release|x64
		{5A5E2508-8AA9-45ED-8525-BF68275ACFB2}.Release|ARM.ActiveCfg = Release|ARM
		{5A5E2508-8AA9-45ED-8525-BF68275ACFB2}.Release|ARM.Build.0 = Release|ARM
		{5A5E2508-8AA9-45ED-8525-BF68275ACFB2}.Release|ARM.Deploy.0 = Release|ARM
		{5A5E2508-8AA9-45ED-8525-BF68275ACFB2}.Release|iPhone.ActiveCfg = Release|x64
		{5A5E2508-8AA9-45ED-8525-BF68275ACFB2}.Release|iPhone.Build.0 = Release|x64
		{5A5E2508-8AA9-45ED-8525-BF68275ACFB2}.Release|iPhone.Deploy.0 = Release|x64
		{5A5E2508-8AA9-45ED-8525-BF68275ACFB2}.Release|iPhoneSimulator.ActiveCfg = Release|x64
		{5A5E2508-8AA9-45ED-8525-BF68275ACFB2}.Release|iPhoneSimulator.Build.0 = Release|x64
		{5A5E2508-8AA9-45ED-8525-BF68275ACFB2}.Release|iPhoneSimulator.Deploy.0 = Release|x64
		{5A5E2508-8AA9-45ED-8525-BF68275ACFB2}.Release|x64.ActiveCfg = Release|x64
		{5A5E2508-8AA9-45ED-8525-BF68275ACFB2}.Release|x64.Build.0 = Release|x64
		{5A5E2508-8AA9-45ED-8525-BF68275ACFB2}.Release|x64.Deploy.0 = Release|x64
		{5A5E2508-8AA9-45ED-8525-BF68275ACFB2}.Release|x86.ActiveCfg = Release|x86
		{5A5E2508-8AA9-45ED-8525-BF68275ACFB2}.Release|x86.Build.0 = Release|x86
		{5A5E2508-8AA9-45ED-8525-BF68275ACFB2}.Release|x86.Deploy.0 = Release|x86
		{E24ADE8C-CD4D-4CCE-B3B7-C62836B41DBA}.Debug|Any CPU.ActiveCfg = Debug|Any CPU
		{E24ADE8C-CD4D-4CCE-B3B7-C62836B41DBA}.Debug|Any CPU.Build.0 = Debug|Any CPU
		{E24ADE8C-CD4D-4CCE-B3B7-C62836B41DBA}.Debug|Any CPU.Deploy.0 = Debug|Any CPU
		{E24ADE8C-CD4D-4CCE-B3B7-C62836B41DBA}.Debug|ARM.ActiveCfg = Debug|Any CPU
		{E24ADE8C-CD4D-4CCE-B3B7-C62836B41DBA}.Debug|ARM.Build.0 = Debug|Any CPU
		{E24ADE8C-CD4D-4CCE-B3B7-C62836B41DBA}.Debug|ARM.Deploy.0 = Debug|Any CPU
		{E24ADE8C-CD4D-4CCE-B3B7-C62836B41DBA}.Debug|iPhone.ActiveCfg = Debug|Any CPU
		{E24ADE8C-CD4D-4CCE-B3B7-C62836B41DBA}.Debug|iPhone.Build.0 = Debug|Any CPU
		{E24ADE8C-CD4D-4CCE-B3B7-C62836B41DBA}.Debug|iPhone.Deploy.0 = Debug|Any CPU
		{E24ADE8C-CD4D-4CCE-B3B7-C62836B41DBA}.Debug|iPhoneSimulator.ActiveCfg = Debug|Any CPU
		{E24ADE8C-CD4D-4CCE-B3B7-C62836B41DBA}.Debug|iPhoneSimulator.Build.0 = Debug|Any CPU
		{E24ADE8C-CD4D-4CCE-B3B7-C62836B41DBA}.Debug|iPhoneSimulator.Deploy.0 = Debug|Any CPU
		{E24ADE8C-CD4D-4CCE-B3B7-C62836B41DBA}.Debug|x64.ActiveCfg = Debug|Any CPU
		{E24ADE8C-CD4D-4CCE-B3B7-C62836B41DBA}.Debug|x64.Build.0 = Debug|Any CPU
		{E24ADE8C-CD4D-4CCE-B3B7-C62836B41DBA}.Debug|x64.Deploy.0 = Debug|Any CPU
		{E24ADE8C-CD4D-4CCE-B3B7-C62836B41DBA}.Debug|x86.ActiveCfg = Debug|Any CPU
		{E24ADE8C-CD4D-4CCE-B3B7-C62836B41DBA}.Debug|x86.Build.0 = Debug|Any CPU
		{E24ADE8C-CD4D-4CCE-B3B7-C62836B41DBA}.Debug|x86.Deploy.0 = Debug|Any CPU
		{E24ADE8C-CD4D-4CCE-B3B7-C62836B41DBA}.Release|Any CPU.ActiveCfg = Release|Any CPU
		{E24ADE8C-CD4D-4CCE-B3B7-C62836B41DBA}.Release|Any CPU.Build.0 = Release|Any CPU
		{E24ADE8C-CD4D-4CCE-B3B7-C62836B41DBA}.Release|Any CPU.Deploy.0 = Release|Any CPU
		{E24ADE8C-CD4D-4CCE-B3B7-C62836B41DBA}.Release|ARM.ActiveCfg = Release|Any CPU
		{E24ADE8C-CD4D-4CCE-B3B7-C62836B41DBA}.Release|ARM.Build.0 = Release|Any CPU
		{E24ADE8C-CD4D-4CCE-B3B7-C62836B41DBA}.Release|ARM.Deploy.0 = Release|Any CPU
		{E24ADE8C-CD4D-4CCE-B3B7-C62836B41DBA}.Release|iPhone.ActiveCfg = Release|Any CPU
		{E24ADE8C-CD4D-4CCE-B3B7-C62836B41DBA}.Release|iPhone.Build.0 = Release|Any CPU
		{E24ADE8C-CD4D-4CCE-B3B7-C62836B41DBA}.Release|iPhone.Deploy.0 = Release|Any CPU
		{E24ADE8C-CD4D-4CCE-B3B7-C62836B41DBA}.Release|iPhoneSimulator.ActiveCfg = Release|Any CPU
		{E24ADE8C-CD4D-4CCE-B3B7-C62836B41DBA}.Release|iPhoneSimulator.Build.0 = Release|Any CPU
		{E24ADE8C-CD4D-4CCE-B3B7-C62836B41DBA}.Release|iPhoneSimulator.Deploy.0 = Release|Any CPU
		{E24ADE8C-CD4D-4CCE-B3B7-C62836B41DBA}.Release|x64.ActiveCfg = Release|Any CPU
		{E24ADE8C-CD4D-4CCE-B3B7-C62836B41DBA}.Release|x64.Build.0 = Release|Any CPU
		{E24ADE8C-CD4D-4CCE-B3B7-C62836B41DBA}.Release|x64.Deploy.0 = Release|Any CPU
		{E24ADE8C-CD4D-4CCE-B3B7-C62836B41DBA}.Release|x86.ActiveCfg = Release|Any CPU
		{E24ADE8C-CD4D-4CCE-B3B7-C62836B41DBA}.Release|x86.Build.0 = Release|Any CPU
		{E24ADE8C-CD4D-4CCE-B3B7-C62836B41DBA}.Release|x86.Deploy.0 = Release|Any CPU
		{65D1FF51-11AE-4DFC-8E66-644BF61D7260}.Debug|Any CPU.ActiveCfg = Debug|iPhoneSimulator
		{65D1FF51-11AE-4DFC-8E66-644BF61D7260}.Debug|Any CPU.Build.0 = Debug|iPhoneSimulator
		{65D1FF51-11AE-4DFC-8E66-644BF61D7260}.Debug|Any CPU.Deploy.0 = Debug|iPhoneSimulator
		{65D1FF51-11AE-4DFC-8E66-644BF61D7260}.Debug|ARM.ActiveCfg = Debug|iPhoneSimulator
		{65D1FF51-11AE-4DFC-8E66-644BF61D7260}.Debug|ARM.Build.0 = Debug|iPhoneSimulator
		{65D1FF51-11AE-4DFC-8E66-644BF61D7260}.Debug|ARM.Deploy.0 = Debug|iPhoneSimulator
		{65D1FF51-11AE-4DFC-8E66-644BF61D7260}.Debug|iPhone.ActiveCfg = Debug|iPhone
		{65D1FF51-11AE-4DFC-8E66-644BF61D7260}.Debug|iPhone.Build.0 = Debug|iPhone
		{65D1FF51-11AE-4DFC-8E66-644BF61D7260}.Debug|iPhone.Deploy.0 = Debug|iPhone
		{65D1FF51-11AE-4DFC-8E66-644BF61D7260}.Debug|iPhoneSimulator.ActiveCfg = Debug|iPhoneSimulator
		{65D1FF51-11AE-4DFC-8E66-644BF61D7260}.Debug|iPhoneSimulator.Build.0 = Debug|iPhoneSimulator
		{65D1FF51-11AE-4DFC-8E66-644BF61D7260}.Debug|iPhoneSimulator.Deploy.0 = Debug|iPhoneSimulator
		{65D1FF51-11AE-4DFC-8E66-644BF61D7260}.Debug|x64.ActiveCfg = Debug|iPhone
		{65D1FF51-11AE-4DFC-8E66-644BF61D7260}.Debug|x64.Build.0 = Debug|iPhone
		{65D1FF51-11AE-4DFC-8E66-644BF61D7260}.Debug|x64.Deploy.0 = Debug|iPhone
		{65D1FF51-11AE-4DFC-8E66-644BF61D7260}.Debug|x86.ActiveCfg = Debug|iPhoneSimulator
		{65D1FF51-11AE-4DFC-8E66-644BF61D7260}.Debug|x86.Build.0 = Debug|iPhoneSimulator
		{65D1FF51-11AE-4DFC-8E66-644BF61D7260}.Debug|x86.Deploy.0 = Debug|iPhoneSimulator
		{65D1FF51-11AE-4DFC-8E66-644BF61D7260}.Release|Any CPU.ActiveCfg = Release|iPhoneSimulator
		{65D1FF51-11AE-4DFC-8E66-644BF61D7260}.Release|Any CPU.Build.0 = Release|iPhoneSimulator
		{65D1FF51-11AE-4DFC-8E66-644BF61D7260}.Release|Any CPU.Deploy.0 = Release|iPhoneSimulator
		{65D1FF51-11AE-4DFC-8E66-644BF61D7260}.Release|ARM.ActiveCfg = Release|iPhoneSimulator
		{65D1FF51-11AE-4DFC-8E66-644BF61D7260}.Release|ARM.Build.0 = Release|iPhoneSimulator
		{65D1FF51-11AE-4DFC-8E66-644BF61D7260}.Release|ARM.Deploy.0 = Release|iPhoneSimulator
		{65D1FF51-11AE-4DFC-8E66-644BF61D7260}.Release|iPhone.ActiveCfg = Release|iPhone
		{65D1FF51-11AE-4DFC-8E66-644BF61D7260}.Release|iPhone.Build.0 = Release|iPhone
		{65D1FF51-11AE-4DFC-8E66-644BF61D7260}.Release|iPhone.Deploy.0 = Release|iPhone
		{65D1FF51-11AE-4DFC-8E66-644BF61D7260}.Release|iPhoneSimulator.ActiveCfg = Release|iPhoneSimulator
		{65D1FF51-11AE-4DFC-8E66-644BF61D7260}.Release|iPhoneSimulator.Build.0 = Release|iPhoneSimulator
		{65D1FF51-11AE-4DFC-8E66-644BF61D7260}.Release|iPhoneSimulator.Deploy.0 = Release|iPhoneSimulator
		{65D1FF51-11AE-4DFC-8E66-644BF61D7260}.Release|x64.ActiveCfg = Release|iPhoneSimulator
		{65D1FF51-11AE-4DFC-8E66-644BF61D7260}.Release|x64.Build.0 = Release|iPhoneSimulator
		{65D1FF51-11AE-4DFC-8E66-644BF61D7260}.Release|x64.Deploy.0 = Release|iPhoneSimulator
		{65D1FF51-11AE-4DFC-8E66-644BF61D7260}.Release|x86.ActiveCfg = Release|iPhoneSimulator
		{65D1FF51-11AE-4DFC-8E66-644BF61D7260}.Release|x86.Build.0 = Release|iPhoneSimulator
		{65D1FF51-11AE-4DFC-8E66-644BF61D7260}.Release|x86.Deploy.0 = Release|iPhoneSimulator
		{C35948FF-CBEB-49F6-8032-1002E1FD9CDB}.Debug|Any CPU.ActiveCfg = Debug|Any CPU
		{C35948FF-CBEB-49F6-8032-1002E1FD9CDB}.Debug|Any CPU.Build.0 = Debug|Any CPU
		{C35948FF-CBEB-49F6-8032-1002E1FD9CDB}.Debug|Any CPU.Deploy.0 = Debug|Any CPU
		{C35948FF-CBEB-49F6-8032-1002E1FD9CDB}.Debug|ARM.ActiveCfg = Debug|Any CPU
		{C35948FF-CBEB-49F6-8032-1002E1FD9CDB}.Debug|ARM.Build.0 = Debug|Any CPU
		{C35948FF-CBEB-49F6-8032-1002E1FD9CDB}.Debug|ARM.Deploy.0 = Debug|Any CPU
		{C35948FF-CBEB-49F6-8032-1002E1FD9CDB}.Debug|iPhone.ActiveCfg = Debug|Any CPU
		{C35948FF-CBEB-49F6-8032-1002E1FD9CDB}.Debug|iPhone.Build.0 = Debug|Any CPU
		{C35948FF-CBEB-49F6-8032-1002E1FD9CDB}.Debug|iPhone.Deploy.0 = Debug|Any CPU
		{C35948FF-CBEB-49F6-8032-1002E1FD9CDB}.Debug|iPhoneSimulator.ActiveCfg = Debug|Any CPU
		{C35948FF-CBEB-49F6-8032-1002E1FD9CDB}.Debug|iPhoneSimulator.Build.0 = Debug|Any CPU
		{C35948FF-CBEB-49F6-8032-1002E1FD9CDB}.Debug|iPhoneSimulator.Deploy.0 = Debug|Any CPU
		{C35948FF-CBEB-49F6-8032-1002E1FD9CDB}.Debug|x64.ActiveCfg = Debug|Any CPU
		{C35948FF-CBEB-49F6-8032-1002E1FD9CDB}.Debug|x64.Build.0 = Debug|Any CPU
		{C35948FF-CBEB-49F6-8032-1002E1FD9CDB}.Debug|x64.Deploy.0 = Debug|Any CPU
		{C35948FF-CBEB-49F6-8032-1002E1FD9CDB}.Debug|x86.ActiveCfg = Debug|Any CPU
		{C35948FF-CBEB-49F6-8032-1002E1FD9CDB}.Debug|x86.Build.0 = Debug|Any CPU
		{C35948FF-CBEB-49F6-8032-1002E1FD9CDB}.Debug|x86.Deploy.0 = Debug|Any CPU
		{C35948FF-CBEB-49F6-8032-1002E1FD9CDB}.Release|Any CPU.ActiveCfg = Release|Any CPU
		{C35948FF-CBEB-49F6-8032-1002E1FD9CDB}.Release|Any CPU.Build.0 = Release|Any CPU
		{C35948FF-CBEB-49F6-8032-1002E1FD9CDB}.Release|Any CPU.Deploy.0 = Release|Any CPU
		{C35948FF-CBEB-49F6-8032-1002E1FD9CDB}.Release|ARM.ActiveCfg = Release|Any CPU
		{C35948FF-CBEB-49F6-8032-1002E1FD9CDB}.Release|ARM.Build.0 = Release|Any CPU
		{C35948FF-CBEB-49F6-8032-1002E1FD9CDB}.Release|ARM.Deploy.0 = Release|Any CPU
		{C35948FF-CBEB-49F6-8032-1002E1FD9CDB}.Release|iPhone.ActiveCfg = Release|Any CPU
		{C35948FF-CBEB-49F6-8032-1002E1FD9CDB}.Release|iPhone.Build.0 = Release|Any CPU
		{C35948FF-CBEB-49F6-8032-1002E1FD9CDB}.Release|iPhone.Deploy.0 = Release|Any CPU
		{C35948FF-CBEB-49F6-8032-1002E1FD9CDB}.Release|iPhoneSimulator.ActiveCfg = Release|Any CPU
		{C35948FF-CBEB-49F6-8032-1002E1FD9CDB}.Release|iPhoneSimulator.Build.0 = Release|Any CPU
		{C35948FF-CBEB-49F6-8032-1002E1FD9CDB}.Release|iPhoneSimulator.Deploy.0 = Release|Any CPU
		{C35948FF-CBEB-49F6-8032-1002E1FD9CDB}.Release|x64.ActiveCfg = Release|Any CPU
		{C35948FF-CBEB-49F6-8032-1002E1FD9CDB}.Release|x64.Build.0 = Release|Any CPU
		{C35948FF-CBEB-49F6-8032-1002E1FD9CDB}.Release|x64.Deploy.0 = Release|Any CPU
		{C35948FF-CBEB-49F6-8032-1002E1FD9CDB}.Release|x86.ActiveCfg = Release|Any CPU
		{C35948FF-CBEB-49F6-8032-1002E1FD9CDB}.Release|x86.Build.0 = Release|Any CPU
		{C35948FF-CBEB-49F6-8032-1002E1FD9CDB}.Release|x86.Deploy.0 = Release|Any CPU
	EndGlobalSection
	GlobalSection(SolutionProperties) = preSolution
		HideSolutionNode = FALSE
	EndGlobalSection
	GlobalSection(ExtensibilityGlobals) = postSolution
		SolutionGuid = {404384E3-47CF-4398-8F31-DE7B8D986405}
	EndGlobalSection
EndGlobal
